
Microsoft Visual Studio Solution File, Format Version 12.00
# Visual Studio Version 16
VisualStudioVersion = 16.0.29009.5
MinimumVisualStudioVersion = 10.0.40219.1
Project("{F2A71F9B-5D33-465A-A702-920D77279786}") = "AssetTrafo", "src\AssetTrafo.fsproj", "{9554E7EC-4DD2-45D5-818F-1AADA8F50BBA}"
EndProject
Project("{F2A71F9B-5D33-465A-A702-920D77279786}") = "AssetTrafoTest", "test\AssetTrafoTest.fsproj", "{1094FE1C-456B-4A51-804D-C75128E76852}"
EndProject
Global
	GlobalSection(SolutionConfigurationPlatforms) = preSolution
		Debug|Any CPU = Debug|Any CPU
		Release|Any CPU = Release|Any CPU
	EndGlobalSection
	GlobalSection(ProjectConfigurationPlatforms) = postSolution
		{9554E7EC-4DD2-45D5-818F-1AADA8F50BBA}.Debug|Any CPU.ActiveCfg = Debug|Any CPU
		{9554E7EC-4DD2-45D5-818F-1AADA8F50BBA}.Debug|Any CPU.Build.0 = Debug|Any CPU
		{9554E7EC-4DD2-45D5-818F-1AADA8F50BBA}.Release|Any CPU.ActiveCfg = Release|Any CPU
		{9554E7EC-4DD2-45D5-818F-1AADA8F50BBA}.Release|Any CPU.Build.0 = Release|Any CPU
		{1094FE1C-456B-4A51-804D-C75128E76852}.Debug|Any CPU.ActiveCfg = Debug|Any CPU
		{1094FE1C-456B-4A51-804D-C75128E76852}.Debug|Any CPU.Build.0 = Debug|Any CPU
		{1094FE1C-456B-4A51-804D-C75128E76852}.Release|Any CPU.ActiveCfg = Release|Any CPU
		{1094FE1C-456B-4A51-804D-C75128E76852}.Release|Any CPU.Build.0 = Release|Any CPU
	EndGlobalSection
	GlobalSection(SolutionProperties) = preSolution
		HideSolutionNode = FALSE
	EndGlobalSection
	GlobalSection(ExtensibilityGlobals) = postSolution
		SolutionGuid = {23ACF74D-5127-40FE-A353-E9288FFD82E1}
	EndGlobalSection
EndGlobal
