
Microsoft Visual Studio Solution File, Format Version 12.00
# Visual Studio Version 16
VisualStudioVersion = 16.0.29409.12
MinimumVisualStudioVersion = 10.0.40219.1
Project("{F2A71F9B-5D33-465A-A702-920D77279786}") = "ChangeRequestBuilder", "src\ChangeRequestBuilder.fsproj", "{EA816565-77D3-460A-882B-9B3E176F90B0}"
EndProject
Project("{F2A71F9B-5D33-465A-A702-920D77279786}") = "ChangeRequestBuilderTest", "test\ChangeRequestBuilderTest.fsproj", "{32780B4F-F36B-456C-95D7-2D4B9CAEC800}"
EndProject
Global
	GlobalSection(SolutionConfigurationPlatforms) = preSolution
		Debug|Any CPU = Debug|Any CPU
		Release|Any CPU = Release|Any CPU
	EndGlobalSection
	GlobalSection(ProjectConfigurationPlatforms) = postSolution
		{EA816565-77D3-460A-882B-9B3E176F90B0}.Debug|Any CPU.ActiveCfg = Debug|Any CPU
		{EA816565-77D3-460A-882B-9B3E176F90B0}.Debug|Any CPU.Build.0 = Debug|Any CPU
		{EA816565-77D3-460A-882B-9B3E176F90B0}.Release|Any CPU.ActiveCfg = Release|Any CPU
		{EA816565-77D3-460A-882B-9B3E176F90B0}.Release|Any CPU.Build.0 = Release|Any CPU
		{32780B4F-F36B-456C-95D7-2D4B9CAEC800}.Debug|Any CPU.ActiveCfg = Debug|Any CPU
		{32780B4F-F36B-456C-95D7-2D4B9CAEC800}.Debug|Any CPU.Build.0 = Debug|Any CPU
		{32780B4F-F36B-456C-95D7-2D4B9CAEC800}.Release|Any CPU.ActiveCfg = Release|Any CPU
		{32780B4F-F36B-456C-95D7-2D4B9CAEC800}.Release|Any CPU.Build.0 = Release|Any CPU
	EndGlobalSection
	GlobalSection(SolutionProperties) = preSolution
		HideSolutionNode = FALSE
	EndGlobalSection
	GlobalSection(ExtensibilityGlobals) = postSolution
		SolutionGuid = {01A6B4A7-13CD-4CEF-8057-0B433CC61C1C}
	EndGlobalSection
EndGlobal
